// !$*UTF8*$!
{
	archiveVersion = 1;
	classes = {
	};
	objectVersion = 51;
	objects = {

/* Begin PBXBuildFile section */
		00AFFB2B2617547A00D75FCE /* MainCollectionViewCell.swift in Sources */ = {isa = PBXBuildFile; fileRef = 00AFFB2A2617547A00D75FCE /* MainCollectionViewCell.swift */; };
		00E7640A2614CA16001C6222 /* AppDelegate.swift in Sources */ = {isa = PBXBuildFile; fileRef = 00E764092614CA16001C6222 /* AppDelegate.swift */; };
		00E7640C2614CA16001C6222 /* SceneDelegate.swift in Sources */ = {isa = PBXBuildFile; fileRef = 00E7640B2614CA16001C6222 /* SceneDelegate.swift */; };
		00E764132614CA1A001C6222 /* Assets.xcassets in Resources */ = {isa = PBXBuildFile; fileRef = 00E764122614CA1A001C6222 /* Assets.xcassets */; };
		00E764162614CA1A001C6222 /* LaunchScreen.storyboard in Resources */ = {isa = PBXBuildFile; fileRef = 00E764142614CA1A001C6222 /* LaunchScreen.storyboard */; };
		00E764332614CCFE001C6222 /* MainViewController.swift in Sources */ = {isa = PBXBuildFile; fileRef = 00E764302614CCFE001C6222 /* MainViewController.swift */; };
		00E764342614CCFE001C6222 /* MainModel.swift in Sources */ = {isa = PBXBuildFile; fileRef = 00E764312614CCFE001C6222 /* MainModel.swift */; };
		00E764352614CCFE001C6222 /* MainViewModel.swift in Sources */ = {isa = PBXBuildFile; fileRef = 00E764322614CCFE001C6222 /* MainViewModel.swift */; };
		00E7643A2614D364001C6222 /* BaseNetworkLayer.swift in Sources */ = {isa = PBXBuildFile; fileRef = 00E764392614D364001C6222 /* BaseNetworkLayer.swift */; };
		00E7643F2614D37E001C6222 /* MainServiceLayer.swift in Sources */ = {isa = PBXBuildFile; fileRef = 00E7643E2614D37E001C6222 /* MainServiceLayer.swift */; };
		00E764472614D43F001C6222 /* Constants.swift in Sources */ = {isa = PBXBuildFile; fileRef = 00E764462614D43F001C6222 /* Constants.swift */; };
		00E7644C2614D487001C6222 /* APIModules.swift in Sources */ = {isa = PBXBuildFile; fileRef = 00E7644B2614D487001C6222 /* APIModules.swift */; };
		23297B39D8C00D3535DE55DA /* Pods_Haberle.framework in Frameworks */ = {isa = PBXBuildFile; fileRef = F052DF8A273289EBD6449A6F /* Pods_Haberle.framework */; };
/* End PBXBuildFile section */

/* Begin PBXFileReference section */
		00AFFB2A2617547A00D75FCE /* MainCollectionViewCell.swift */ = {isa = PBXFileReference; lastKnownFileType = sourcecode.swift; path = MainCollectionViewCell.swift; sourceTree = "<group>"; };
		00E764062614CA16001C6222 /* Haberle.app */ = {isa = PBXFileReference; explicitFileType = wrapper.application; includeInIndex = 0; path = Haberle.app; sourceTree = BUILT_PRODUCTS_DIR; };
		00E764092614CA16001C6222 /* AppDelegate.swift */ = {isa = PBXFileReference; lastKnownFileType = sourcecode.swift; path = AppDelegate.swift; sourceTree = "<group>"; };
		00E7640B2614CA16001C6222 /* SceneDelegate.swift */ = {isa = PBXFileReference; lastKnownFileType = sourcecode.swift; path = SceneDelegate.swift; sourceTree = "<group>"; };
		00E764122614CA1A001C6222 /* Assets.xcassets */ = {isa = PBXFileReference; lastKnownFileType = folder.assetcatalog; path = Assets.xcassets; sourceTree = "<group>"; };
		00E764152614CA1A001C6222 /* Base */ = {isa = PBXFileReference; lastKnownFileType = file.storyboard; name = Base; path = Base.lproj/LaunchScreen.storyboard; sourceTree = "<group>"; };
		00E764172614CA1A001C6222 /* Info.plist */ = {isa = PBXFileReference; lastKnownFileType = text.plist.xml; path = Info.plist; sourceTree = "<group>"; };
		00E764302614CCFE001C6222 /* MainViewController.swift */ = {isa = PBXFileReference; lastKnownFileType = sourcecode.swift; path = MainViewController.swift; sourceTree = "<group>"; };
		00E764312614CCFE001C6222 /* MainModel.swift */ = {isa = PBXFileReference; lastKnownFileType = sourcecode.swift; path = MainModel.swift; sourceTree = "<group>"; };
		00E764322614CCFE001C6222 /* MainViewModel.swift */ = {isa = PBXFileReference; lastKnownFileType = sourcecode.swift; path = MainViewModel.swift; sourceTree = "<group>"; };
		00E764392614D364001C6222 /* BaseNetworkLayer.swift */ = {isa = PBXFileReference; lastKnownFileType = sourcecode.swift; path = BaseNetworkLayer.swift; sourceTree = "<group>"; };
		00E7643E2614D37E001C6222 /* MainServiceLayer.swift */ = {isa = PBXFileReference; lastKnownFileType = sourcecode.swift; path = MainServiceLayer.swift; sourceTree = "<group>"; };
		00E764462614D43F001C6222 /* Constants.swift */ = {isa = PBXFileReference; lastKnownFileType = sourcecode.swift; path = Constants.swift; sourceTree = "<group>"; };
		00E7644B2614D487001C6222 /* APIModules.swift */ = {isa = PBXFileReference; lastKnownFileType = sourcecode.swift; path = APIModules.swift; sourceTree = "<group>"; };
		13D2E82B23EA4945AD361EF9 /* Pods-Haberle.release.xcconfig */ = {isa = PBXFileReference; includeInIndex = 1; lastKnownFileType = text.xcconfig; name = "Pods-Haberle.release.xcconfig"; path = "Target Support Files/Pods-Haberle/Pods-Haberle.release.xcconfig"; sourceTree = "<group>"; };
		962354ACC7B26F899973AE14 /* Pods-Haberle.debug.xcconfig */ = {isa = PBXFileReference; includeInIndex = 1; lastKnownFileType = text.xcconfig; name = "Pods-Haberle.debug.xcconfig"; path = "Target Support Files/Pods-Haberle/Pods-Haberle.debug.xcconfig"; sourceTree = "<group>"; };
		F052DF8A273289EBD6449A6F /* Pods_Haberle.framework */ = {isa = PBXFileReference; explicitFileType = wrapper.framework; includeInIndex = 0; path = Pods_Haberle.framework; sourceTree = BUILT_PRODUCTS_DIR; };
/* End PBXFileReference section */

/* Begin PBXFrameworksBuildPhase section */
		00E764032614CA16001C6222 /* Frameworks */ = {
			isa = PBXFrameworksBuildPhase;
			buildActionMask = 2147483647;
			files = (
				23297B39D8C00D3535DE55DA /* Pods_Haberle.framework in Frameworks */,
			);
			runOnlyForDeploymentPostprocessing = 0;
		};
/* End PBXFrameworksBuildPhase section */

/* Begin PBXGroup section */
		00E763FD2614CA16001C6222 = {
			isa = PBXGroup;
			children = (
				00E764082614CA16001C6222 /* Haberle */,
				00E764072614CA16001C6222 /* Products */,
				1BEF1ED6AE1C7ABD918A0BEB /* Pods */,
				2992E8308A22BED9D53B54DC /* Frameworks */,
			);
			sourceTree = "<group>";
		};
		00E764072614CA16001C6222 /* Products */ = {
			isa = PBXGroup;
			children = (
				00E764062614CA16001C6222 /* Haberle.app */,
			);
			name = Products;
			sourceTree = "<group>";
		};
		00E764082614CA16001C6222 /* Haberle */ = {
			isa = PBXGroup;
			children = (
				00E7641E2614CA26001C6222 /* Scenes */,
				00E764212614CA3A001C6222 /* Components */,
				00E764202614CA32001C6222 /* Utilities */,
				00E764222614CA40001C6222 /* Network */,
				00E7641F2614CA2C001C6222 /* Supporting Files */,
				00E764172614CA1A001C6222 /* Info.plist */,
			);
			path = Haberle;
			sourceTree = "<group>";
		};
		00E7641E2614CA26001C6222 /* Scenes */ = {
			isa = PBXGroup;
			children = (
				00E7642E2614CCDB001C6222 /* Main */,
			);
			path = Scenes;
			sourceTree = "<group>";
		};
		00E7641F2614CA2C001C6222 /* Supporting Files */ = {
			isa = PBXGroup;
			children = (
				00E764122614CA1A001C6222 /* Assets.xcassets */,
				00E7640B2614CA16001C6222 /* SceneDelegate.swift */,
				00E764142614CA1A001C6222 /* LaunchScreen.storyboard */,
				00E764092614CA16001C6222 /* AppDelegate.swift */,
			);
			path = "Supporting Files";
			sourceTree = "<group>";
		};
		00E764202614CA32001C6222 /* Utilities */ = {
			isa = PBXGroup;
			children = (
				00E764452614D430001C6222 /* Constants */,
				00E7644A2614D476001C6222 /* Parameters */,
			);
			path = Utilities;
			sourceTree = "<group>";
		};
		00E764212614CA3A001C6222 /* Components */ = {
			isa = PBXGroup;
			children = (
			);
			path = Components;
			sourceTree = "<group>";
		};
		00E764222614CA40001C6222 /* Network */ = {
			isa = PBXGroup;
			children = (
				00E764372614D32F001C6222 /* APILayer */,
				00E764382614D33A001C6222 /* ServiceLayer */,
			);
			path = Network;
			sourceTree = "<group>";
		};
		00E7642E2614CCDB001C6222 /* Main */ = {
			isa = PBXGroup;
			children = (
				00E764302614CCFE001C6222 /* MainViewController.swift */,
				00E764322614CCFE001C6222 /* MainViewModel.swift */,
				00E764312614CCFE001C6222 /* MainModel.swift */,
				00AFFB2A2617547A00D75FCE /* MainCollectionViewCell.swift */,
			);
			path = Main;
			sourceTree = "<group>";
		};
		00E764372614D32F001C6222 /* APILayer */ = {
			isa = PBXGroup;
			children = (
				00E764392614D364001C6222 /* BaseNetworkLayer.swift */,
			);
			path = APILayer;
			sourceTree = "<group>";
		};
		00E764382614D33A001C6222 /* ServiceLayer */ = {
			isa = PBXGroup;
			children = (
				00E7643D2614D371001C6222 /* Main */,
			);
			path = ServiceLayer;
			sourceTree = "<group>";
		};
		00E7643D2614D371001C6222 /* Main */ = {
			isa = PBXGroup;
			children = (
				00E7643E2614D37E001C6222 /* MainServiceLayer.swift */,
			);
			path = Main;
			sourceTree = "<group>";
		};
		00E764452614D430001C6222 /* Constants */ = {
			isa = PBXGroup;
			children = (
				00E764462614D43F001C6222 /* Constants.swift */,
			);
			path = Constants;
			sourceTree = "<group>";
		};
		00E7644A2614D476001C6222 /* Parameters */ = {
			isa = PBXGroup;
			children = (
				00E7644B2614D487001C6222 /* APIModules.swift */,
			);
			path = Parameters;
			sourceTree = "<group>";
		};
		1BEF1ED6AE1C7ABD918A0BEB /* Pods */ = {
			isa = PBXGroup;
			children = (
				962354ACC7B26F899973AE14 /* Pods-Haberle.debug.xcconfig */,
				13D2E82B23EA4945AD361EF9 /* Pods-Haberle.release.xcconfig */,
			);
			path = Pods;
			sourceTree = "<group>";
		};
		2992E8308A22BED9D53B54DC /* Frameworks */ = {
			isa = PBXGroup;
			children = (
				F052DF8A273289EBD6449A6F /* Pods_Haberle.framework */,
			);
			name = Frameworks;
			sourceTree = "<group>";
		};
/* End PBXGroup section */

/* Begin PBXNativeTarget section */
		00E764052614CA16001C6222 /* Haberle */ = {
			isa = PBXNativeTarget;
			buildConfigurationList = 00E7641A2614CA1A001C6222 /* Build configuration list for PBXNativeTarget "Haberle" */;
			buildPhases = (
				4D486CDE9B6FD5B88A6B0295 /* [CP] Check Pods Manifest.lock */,
				00E764022614CA16001C6222 /* Sources */,
				00E764032614CA16001C6222 /* Frameworks */,
				00E764042614CA16001C6222 /* Resources */,
				84CAF9482D4F14C145723A2F /* [CP] Embed Pods Frameworks */,
			);
			buildRules = (
			);
			dependencies = (
			);
			name = Haberle;
			productName = Haberle;
			productReference = 00E764062614CA16001C6222 /* Haberle.app */;
			productType = "com.apple.product-type.application";
		};
/* End PBXNativeTarget section */

/* Begin PBXProject section */
		00E763FE2614CA16001C6222 /* Project object */ = {
			isa = PBXProject;
			attributes = {
				LastSwiftUpdateCheck = 1210;
				LastUpgradeCheck = 1210;
				TargetAttributes = {
					00E764052614CA16001C6222 = {
						CreatedOnToolsVersion = 12.1;
					};
				};
			};
			buildConfigurationList = 00E764012614CA16001C6222 /* Build configuration list for PBXProject "Haberle" */;
			compatibilityVersion = "Xcode 9.3";
			developmentRegion = en;
			hasScannedForEncodings = 0;
			knownRegions = (
				en,
				Base,
			);
			mainGroup = 00E763FD2614CA16001C6222;
			productRefGroup = 00E764072614CA16001C6222 /* Products */;
			projectDirPath = "";
			projectRoot = "";
			targets = (
				00E764052614CA16001C6222 /* Haberle */,
			);
		};
/* End PBXProject section */

/* Begin PBXResourcesBuildPhase section */
		00E764042614CA16001C6222 /* Resources */ = {
			isa = PBXResourcesBuildPhase;
			buildActionMask = 2147483647;
			files = (
				00E764162614CA1A001C6222 /* LaunchScreen.storyboard in Resources */,
				00E764132614CA1A001C6222 /* Assets.xcassets in Resources */,
			);
			runOnlyForDeploymentPostprocessing = 0;
		};
/* End PBXResourcesBuildPhase section */

/* Begin PBXShellScriptBuildPhase section */
		4D486CDE9B6FD5B88A6B0295 /* [CP] Check Pods Manifest.lock */ = {
			isa = PBXShellScriptBuildPhase;
			buildActionMask = 2147483647;
			files = (
			);
			inputFileListPaths = (
			);
			inputPaths = (
				"${PODS_PODFILE_DIR_PATH}/Podfile.lock",
				"${PODS_ROOT}/Manifest.lock",
			);
			name = "[CP] Check Pods Manifest.lock";
			outputFileListPaths = (
			);
			outputPaths = (
				"$(DERIVED_FILE_DIR)/Pods-Haberle-checkManifestLockResult.txt",
			);
			runOnlyForDeploymentPostprocessing = 0;
			shellPath = /bin/sh;
			shellScript = "diff \"${PODS_PODFILE_DIR_PATH}/Podfile.lock\" \"${PODS_ROOT}/Manifest.lock\" > /dev/null\nif [ $? != 0 ] ; then\n    # print error to STDERR\n    echo \"error: The sandbox is not in sync with the Podfile.lock. Run 'pod install' or update your CocoaPods installation.\" >&2\n    exit 1\nfi\n# This output is used by Xcode 'outputs' to avoid re-running this script phase.\necho \"SUCCESS\" > \"${SCRIPT_OUTPUT_FILE_0}\"\n";
			showEnvVarsInLog = 0;
		};
		84CAF9482D4F14C145723A2F /* [CP] Embed Pods Frameworks */ = {
			isa = PBXShellScriptBuildPhase;
			buildActionMask = 2147483647;
			files = (
			);
			inputFileListPaths = (
				"${PODS_ROOT}/Target Support Files/Pods-Haberle/Pods-Haberle-frameworks-${CONFIGURATION}-input-files.xcfilelist",
			);
			name = "[CP] Embed Pods Frameworks";
			outputFileListPaths = (
				"${PODS_ROOT}/Target Support Files/Pods-Haberle/Pods-Haberle-frameworks-${CONFIGURATION}-output-files.xcfilelist",
			);
			runOnlyForDeploymentPostprocessing = 0;
			shellPath = /bin/sh;
			shellScript = "\"${PODS_ROOT}/Target Support Files/Pods-Haberle/Pods-Haberle-frameworks.sh\"\n";
			showEnvVarsInLog = 0;
		};
/* End PBXShellScriptBuildPhase section */

/* Begin PBXSourcesBuildPhase section */
		00E764022614CA16001C6222 /* Sources */ = {
			isa = PBXSourcesBuildPhase;
			buildActionMask = 2147483647;
			files = (
				00E764352614CCFE001C6222 /* MainViewModel.swift in Sources */,
				00E764342614CCFE001C6222 /* MainModel.swift in Sources */,
				00E764332614CCFE001C6222 /* MainViewController.swift in Sources */,
				00E7640A2614CA16001C6222 /* AppDelegate.swift in Sources */,
				00E7643F2614D37E001C6222 /* MainServiceLayer.swift in Sources */,
				00E7644C2614D487001C6222 /* APIModules.swift in Sources */,
				00AFFB2B2617547A00D75FCE /* MainCollectionViewCell.swift in Sources */,
				00E7640C2614CA16001C6222 /* SceneDelegate.swift in Sources */,
				00E7643A2614D364001C6222 /* BaseNetworkLayer.swift in Sources */,
				00E764472614D43F001C6222 /* Constants.swift in Sources */,
			);
			runOnlyForDeploymentPostprocessing = 0;
		};
/* End PBXSourcesBuildPhase section */

/* Begin PBXVariantGroup section */
		00E764142614CA1A001C6222 /* LaunchScreen.storyboard */ = {
			isa = PBXVariantGroup;
			children = (
				00E764152614CA1A001C6222 /* Base */,
			);
			name = LaunchScreen.storyboard;
			sourceTree = "<group>";
		};
/* End PBXVariantGroup section */

/* Begin XCBuildConfiguration section */
		00E764182614CA1A001C6222 /* Debug */ = {
			isa = XCBuildConfiguration;
			buildSettings = {
				ALWAYS_SEARCH_USER_PATHS = NO;
				CLANG_ANALYZER_NONNULL = YES;
				CLANG_ANALYZER_NUMBER_OBJECT_CONVERSION = YES_AGGRESSIVE;
				CLANG_CXX_LANGUAGE_STANDARD = "gnu++14";
				CLANG_CXX_LIBRARY = "libc++";
				CLANG_ENABLE_MODULES = YES;
				CLANG_ENABLE_OBJC_ARC = YES;
				CLANG_ENABLE_OBJC_WEAK = YES;
				CLANG_WARN_BLOCK_CAPTURE_AUTORELEASING = YES;
				CLANG_WARN_BOOL_CONVERSION = YES;
				CLANG_WARN_COMMA = YES;
				CLANG_WARN_CONSTANT_CONVERSION = YES;
				CLANG_WARN_DEPRECATED_OBJC_IMPLEMENTATIONS = YES;
				CLANG_WARN_DIRECT_OBJC_ISA_USAGE = YES_ERROR;
				CLANG_WARN_DOCUMENTATION_COMMENTS = YES;
				CLANG_WARN_EMPTY_BODY = YES;
				CLANG_WARN_ENUM_CONVERSION = YES;
				CLANG_WARN_INFINITE_RECURSION = YES;
				CLANG_WARN_INT_CONVERSION = YES;
				CLANG_WARN_NON_LITERAL_NULL_CONVERSION = YES;
				CLANG_WARN_OBJC_IMPLICIT_RETAIN_SELF = YES;
				CLANG_WARN_OBJC_LITERAL_CONVERSION = YES;
				CLANG_WARN_OBJC_ROOT_CLASS = YES_ERROR;
				CLANG_WARN_QUOTED_INCLUDE_IN_FRAMEWORK_HEADER = YES;
				CLANG_WARN_RANGE_LOOP_ANALYSIS = YES;
				CLANG_WARN_STRICT_PROTOTYPES = YES;
				CLANG_WARN_SUSPICIOUS_MOVE = YES;
				CLANG_WARN_UNGUARDED_AVAILABILITY = YES_AGGRESSIVE;
				CLANG_WARN_UNREACHABLE_CODE = YES;
				CLANG_WARN__DUPLICATE_METHOD_MATCH = YES;
				COPY_PHASE_STRIP = NO;
				DEBUG_INFORMATION_FORMAT = dwarf;
				ENABLE_STRICT_OBJC_MSGSEND = YES;
				ENABLE_TESTABILITY = YES;
				GCC_C_LANGUAGE_STANDARD = gnu11;
				GCC_DYNAMIC_NO_PIC = NO;
				GCC_NO_COMMON_BLOCKS = YES;
				GCC_OPTIMIZATION_LEVEL = 0;
				GCC_PREPROCESSOR_DEFINITIONS = (
					"DEBUG=1",
					"$(inherited)",
				);
				GCC_WARN_64_TO_32_BIT_CONVERSION = YES;
				GCC_WARN_ABOUT_RETURN_TYPE = YES_ERROR;
				GCC_WARN_UNDECLARED_SELECTOR = YES;
				GCC_WARN_UNINITIALIZED_AUTOS = YES_AGGRESSIVE;
				GCC_WARN_UNUSED_FUNCTION = YES;
				GCC_WARN_UNUSED_VARIABLE = YES;
				IPHONEOS_DEPLOYMENT_TARGET = 13.0;
				MTL_ENABLE_DEBUG_INFO = INCLUDE_SOURCE;
				MTL_FAST_MATH = YES;
				ONLY_ACTIVE_ARCH = YES;
				SDKROOT = iphoneos;
				SWIFT_ACTIVE_COMPILATION_CONDITIONS = DEBUG;
				SWIFT_OPTIMIZATION_LEVEL = "-Onone";
			};
			name = Debug;
		};
		00E764192614CA1A001C6222 /* Release */ = {
			isa = XCBuildConfiguration;
			buildSettings = {
				ALWAYS_SEARCH_USER_PATHS = NO;
				CLANG_ANALYZER_NONNULL = YES;
				CLANG_ANALYZER_NUMBER_OBJECT_CONVERSION = YES_AGGRESSIVE;
				CLANG_CXX_LANGUAGE_STANDARD = "gnu++14";
				CLANG_CXX_LIBRARY = "libc++";
				CLANG_ENABLE_MODULES = YES;
				CLANG_ENABLE_OBJC_ARC = YES;
				CLANG_ENABLE_OBJC_WEAK = YES;
				CLANG_WARN_BLOCK_CAPTURE_AUTORELEASING = YES;
				CLANG_WARN_BOOL_CONVERSION = YES;
				CLANG_WARN_COMMA = YES;
				CLANG_WARN_CONSTANT_CONVERSION = YES;
				CLANG_WARN_DEPRECATED_OBJC_IMPLEMENTATIONS = YES;
				CLANG_WARN_DIRECT_OBJC_ISA_USAGE = YES_ERROR;
				CLANG_WARN_DOCUMENTATION_COMMENTS = YES;
				CLANG_WARN_EMPTY_BODY = YES;
				CLANG_WARN_ENUM_CONVERSION = YES;
				CLANG_WARN_INFINITE_RECURSION = YES;
				CLANG_WARN_INT_CONVERSION = YES;
				CLANG_WARN_NON_LITERAL_NULL_CONVERSION = YES;
				CLANG_WARN_OBJC_IMPLICIT_RETAIN_SELF = YES;
				CLANG_WARN_OBJC_LITERAL_CONVERSION = YES;
				CLANG_WARN_OBJC_ROOT_CLASS = YES_ERROR;
				CLANG_WARN_QUOTED_INCLUDE_IN_FRAMEWORK_HEADER = YES;
				CLANG_WARN_RANGE_LOOP_ANALYSIS = YES;
				CLANG_WARN_STRICT_PROTOTYPES = YES;
				CLANG_WARN_SUSPICIOUS_MOVE = YES;
				CLANG_WARN_UNGUARDED_AVAILABILITY = YES_AGGRESSIVE;
				CLANG_WARN_UNREACHABLE_CODE = YES;
				CLANG_WARN__DUPLICATE_METHOD_MATCH = YES;
				COPY_PHASE_STRIP = NO;
				DEBUG_INFORMATION_FORMAT = "dwarf-with-dsym";
				ENABLE_NS_ASSERTIONS = NO;
				ENABLE_STRICT_OBJC_MSGSEND = YES;
				GCC_C_LANGUAGE_STANDARD = gnu11;
				GCC_NO_COMMON_BLOCKS = YES;
				GCC_WARN_64_TO_32_BIT_CONVERSION = YES;
				GCC_WARN_ABOUT_RETURN_TYPE = YES_ERROR;
				GCC_WARN_UNDECLARED_SELECTOR = YES;
				GCC_WARN_UNINITIALIZED_AUTOS = YES_AGGRESSIVE;
				GCC_WARN_UNUSED_FUNCTION = YES;
				GCC_WARN_UNUSED_VARIABLE = YES;
				IPHONEOS_DEPLOYMENT_TARGET = 13.0;
				MTL_ENABLE_DEBUG_INFO = NO;
				MTL_FAST_MATH = YES;
				SDKROOT = iphoneos;
				SWIFT_COMPILATION_MODE = wholemodule;
				SWIFT_OPTIMIZATION_LEVEL = "-O";
				VALIDATE_PRODUCT = YES;
			};
			name = Release;
		};
		00E7641B2614CA1A001C6222 /* Debug */ = {
			isa = XCBuildConfiguration;
			baseConfigurationReference = 962354ACC7B26F899973AE14 /* Pods-Haberle.debug.xcconfig */;
			buildSettings = {
				ASSETCATALOG_COMPILER_APPICON_NAME = AppIcon;
				ASSETCATALOG_COMPILER_GLOBAL_ACCENT_COLOR_NAME = AccentColor;
				CODE_SIGN_STYLE = Automatic;
				DEVELOPMENT_TEAM = "";
				INFOPLIST_FILE = Haberle/Info.plist;
				LD_RUNPATH_SEARCH_PATHS = (
					"$(inherited)",
					"@executable_path/Frameworks",
				);
				PRODUCT_BUNDLE_IDENTIFIER = cemkazim.Haberle;
				PRODUCT_NAME = "$(TARGET_NAME)";
				SWIFT_VERSION = 5.0;
				TARGETED_DEVICE_FAMILY = "1,2";
			};
			name = Debug;
		};
		00E7641C2614CA1A001C6222 /* Release */ = {
			isa = XCBuildConfiguration;
			baseConfigurationReference = 13D2E82B23EA4945AD361EF9 /* Pods-Haberle.release.xcconfig */;
			buildSettings = {
				ASSETCATALOG_COMPILER_APPICON_NAME = AppIcon;
				ASSETCATALOG_COMPILER_GLOBAL_ACCENT_COLOR_NAME = AccentColor;
				CODE_SIGN_STYLE = Automatic;
				DEVELOPMENT_TEAM = "";
				INFOPLIST_FILE = Haberle/Info.plist;
				LD_RUNPATH_SEARCH_PATHS = (
					"$(inherited)",
					"@executable_path/Frameworks",
				);
				PRODUCT_BUNDLE_IDENTIFIER = cemkazim.Haberle;
				PRODUCT_NAME = "$(TARGET_NAME)";
				SWIFT_VERSION = 5.0;
				TARGETED_DEVICE_FAMILY = "1,2";
			};
			name = Release;
		};
/* End XCBuildConfiguration section */

/* Begin XCConfigurationList section */
		00E764012614CA16001C6222 /* Build configuration list for PBXProject "Haberle" */ = {
			isa = XCConfigurationList;
			buildConfigurations = (
				00E764182614CA1A001C6222 /* Debug */,
				00E764192614CA1A001C6222 /* Release */,
			);
			defaultConfigurationIsVisible = 0;
			defaultConfigurationName = Release;
		};
		00E7641A2614CA1A001C6222 /* Build configuration list for PBXNativeTarget "Haberle" */ = {
			isa = XCConfigurationList;
			buildConfigurations = (
				00E7641B2614CA1A001C6222 /* Debug */,
				00E7641C2614CA1A001C6222 /* Release */,
			);
			defaultConfigurationIsVisible = 0;
			defaultConfigurationName = Release;
		};
/* End XCConfigurationList section */
	};
	rootObject = 00E763FE2614CA16001C6222 /* Project object */;
}
